
Microsoft Visual Studio Solution File, Format Version 12.00
# Visual Studio Version 17
VisualStudioVersion = 17.7.34221.43
MinimumVisualStudioVersion = 10.0.40219.1
Project("{FAE04EC0-301F-11D3-BF4B-00C04F79EFBC}") = "MarkdownReaderConverter", "MarkdownReaderConverter\MarkdownReaderConverter.csproj", "{FF624E91-2128-4623-AA6D-06EC144C8F23}"
EndProject
Global
	GlobalSection(SolutionConfigurationPlatforms) = preSolution
		Debug|Any CPU = Debug|Any CPU
		Release|Any CPU = Release|Any CPU
	EndGlobalSection
	GlobalSection(ProjectConfigurationPlatforms) = postSolution
		{FF624E91-2128-4623-AA6D-06EC144C8F23}.Debug|Any CPU.ActiveCfg = Debug|Any CPU
		{FF624E91-2128-4623-AA6D-06EC144C8F23}.Debug|Any CPU.Build.0 = Debug|Any CPU
		{FF624E91-2128-4623-AA6D-06EC144C8F23}.Release|Any CPU.ActiveCfg = Release|Any CPU
		{FF624E91-2128-4623-AA6D-06EC144C8F23}.Release|Any CPU.Build.0 = Release|Any CPU
	EndGlobalSection
	GlobalSection(SolutionProperties) = preSolution
		HideSolutionNode = FALSE
	EndGlobalSection
	GlobalSection(ExtensibilityGlobals) = postSolution
		SolutionGuid = {FBD325DE-A43D-48F1-BB21-A03F1C440382}
	EndGlobalSection
EndGlobal
